
Microsoft Visual Studio Solution File, Format Version 12.00
Project("{FAE04EC0-301F-11D3-BF4B-00C04F79EFBC}") = "Factory", "Factory\Factory.csproj", "{518DBC6C-8DBF-4DA8-B370-1EDA8AAAAB18}"
EndProject
Project("{FAE04EC0-301F-11D3-BF4B-00C04F79EFBC}") = "Abstract", "Abstract\Abstract.csproj", "{3DA4B524-0E47-4168-905C-3BEFDC723F29}"
EndProject
Project("{FAE04EC0-301F-11D3-BF4B-00C04F79EFBC}") = "Observer", "Observer\Observer.csproj", "{15A63F8A-5ECE-4305-ACDF-C0C4A5C64DA9}"
EndProject
Project("{FAE04EC0-301F-11D3-BF4B-00C04F79EFBC}") = "SingleTon", "SingleTon\SingleTon.csproj", "{A61C4093-9779-46D5-A2C1-57AC922313BB}"
EndProject
Global
	GlobalSection(SolutionConfigurationPlatforms) = preSolution
		Debug|Any CPU = Debug|Any CPU
		Release|Any CPU = Release|Any CPU
	EndGlobalSection
	GlobalSection(ProjectConfigurationPlatforms) = postSolution
		{518DBC6C-8DBF-4DA8-B370-1EDA8AAAAB18}.Debug|Any CPU.ActiveCfg = Debug|Any CPU
		{518DBC6C-8DBF-4DA8-B370-1EDA8AAAAB18}.Debug|Any CPU.Build.0 = Debug|Any CPU
		{518DBC6C-8DBF-4DA8-B370-1EDA8AAAAB18}.Release|Any CPU.ActiveCfg = Release|Any CPU
		{518DBC6C-8DBF-4DA8-B370-1EDA8AAAAB18}.Release|Any CPU.Build.0 = Release|Any CPU
		{3DA4B524-0E47-4168-905C-3BEFDC723F29}.Debug|Any CPU.ActiveCfg = Debug|Any CPU
		{3DA4B524-0E47-4168-905C-3BEFDC723F29}.Debug|Any CPU.Build.0 = Debug|Any CPU
		{3DA4B524-0E47-4168-905C-3BEFDC723F29}.Release|Any CPU.ActiveCfg = Release|Any CPU
		{3DA4B524-0E47-4168-905C-3BEFDC723F29}.Release|Any CPU.Build.0 = Release|Any CPU
		{15A63F8A-5ECE-4305-ACDF-C0C4A5C64DA9}.Debug|Any CPU.ActiveCfg = Debug|Any CPU
		{15A63F8A-5ECE-4305-ACDF-C0C4A5C64DA9}.Debug|Any CPU.Build.0 = Debug|Any CPU
		{15A63F8A-5ECE-4305-ACDF-C0C4A5C64DA9}.Release|Any CPU.ActiveCfg = Release|Any CPU
		{15A63F8A-5ECE-4305-ACDF-C0C4A5C64DA9}.Release|Any CPU.Build.0 = Release|Any CPU
		{A61C4093-9779-46D5-A2C1-57AC922313BB}.Debug|Any CPU.ActiveCfg = Debug|Any CPU
		{A61C4093-9779-46D5-A2C1-57AC922313BB}.Debug|Any CPU.Build.0 = Debug|Any CPU
		{A61C4093-9779-46D5-A2C1-57AC922313BB}.Release|Any CPU.ActiveCfg = Release|Any CPU
		{A61C4093-9779-46D5-A2C1-57AC922313BB}.Release|Any CPU.Build.0 = Release|Any CPU
	EndGlobalSection
EndGlobal
